// !$*UTF8*$!
{
	archiveVersion = 1;
	classes = {
	};
	objectVersion = 50;
	objects = {

/* Begin PBXBuildFile section */
		F87899D626987E2C0086CC7B /* AppDelegate.swift in Sources */ = {isa = PBXBuildFile; fileRef = F87899D526987E2C0086CC7B /* AppDelegate.swift */; };
		F87899D826987E2C0086CC7B /* SceneDelegate.swift in Sources */ = {isa = PBXBuildFile; fileRef = F87899D726987E2C0086CC7B /* SceneDelegate.swift */; };
		F87899DA26987E2C0086CC7B /* ViewController.swift in Sources */ = {isa = PBXBuildFile; fileRef = F87899D926987E2C0086CC7B /* ViewController.swift */; };
		F87899DD26987E2C0086CC7B /* Main.storyboard in Resources */ = {isa = PBXBuildFile; fileRef = F87899DB26987E2C0086CC7B /* Main.storyboard */; };
		F87899DF26987E2E0086CC7B /* Assets.xcassets in Resources */ = {isa = PBXBuildFile; fileRef = F87899DE26987E2E0086CC7B /* Assets.xcassets */; };
		F87899E226987E2E0086CC7B /* LaunchScreen.storyboard in Resources */ = {isa = PBXBuildFile; fileRef = F87899E026987E2E0086CC7B /* LaunchScreen.storyboard */; };
		F87899EA269894690086CC7B /* wavelogo-2.jpg in Resources */ = {isa = PBXBuildFile; fileRef = F87899E9269894690086CC7B /* wavelogo-2.jpg */; };
		F87899EE26989B6E0086CC7B /* jp-2019-fusion-se-sup-cutout-zoom.jpg in Resources */ = {isa = PBXBuildFile; fileRef = F87899EB26989B6D0086CC7B /* jp-2019-fusion-se-sup-cutout-zoom.jpg */; };
		F87899EF26989B6E0086CC7B /* vtsport2-ff5a23e275ae72ab7ec8f67e7004c094-24486_big.jpg in Resources */ = {isa = PBXBuildFile; fileRef = F87899EC26989B6D0086CC7B /* vtsport2-ff5a23e275ae72ab7ec8f67e7004c094-24486_big.jpg */; };
		F87899F026989B6E0086CC7B /* 102269.png in Resources */ = {isa = PBXBuildFile; fileRef = F87899ED26989B6D0086CC7B /* 102269.png */; };
		F87899F226989F280086CC7B /* 1552130667006_bulletin.jpeg in Resources */ = {isa = PBXBuildFile; fileRef = F87899F126989F280086CC7B /* 1552130667006_bulletin.jpeg */; };
		F87899F52698A3C20086CC7B /* starboard-bigeasy-ast-sup-paddleboard-12ftx32in-12-zoom.jpg in Resources */ = {isa = PBXBuildFile; fileRef = F87899F42698A3C20086CC7B /* starboard-bigeasy-ast-sup-paddleboard-12ftx32in-12-zoom.jpg */; };
		F87899F82698A5C80086CC7B /* 11-6-tough-tec-sic-sup-paddleboard-tao-surf-tt-11-6-x-325-.jpg in Resources */ = {isa = PBXBuildFile; fileRef = F87899F62698A5C80086CC7B /* 11-6-tough-tec-sic-sup-paddleboard-tao-surf-tt-11-6-x-325-.jpg */; };
		F87899F92698A5C80086CC7B /* bic-ace-tech-performer-tough-10-6-550x550h.jpg in Resources */ = {isa = PBXBuildFile; fileRef = F87899F72698A5C80086CC7B /* bic-ace-tech-performer-tough-10-6-550x550h.jpg */; };
/* End PBXBuildFile section */

/* Begin PBXFileReference section */
		F87899D226987E2C0086CC7B /* WaveSupClubApp.app */ = {isa = PBXFileReference; explicitFileType = wrapper.application; includeInIndex = 0; path = WaveSupClubApp.app; sourceTree = BUILT_PRODUCTS_DIR; };
		F87899D526987E2C0086CC7B /* AppDelegate.swift */ = {isa = PBXFileReference; lastKnownFileType = sourcecode.swift; path = AppDelegate.swift; sourceTree = "<group>"; };
		F87899D726987E2C0086CC7B /* SceneDelegate.swift */ = {isa = PBXFileReference; lastKnownFileType = sourcecode.swift; path = SceneDelegate.swift; sourceTree = "<group>"; };
		F87899D926987E2C0086CC7B /* ViewController.swift */ = {isa = PBXFileReference; lastKnownFileType = sourcecode.swift; path = ViewController.swift; sourceTree = "<group>"; };
		F87899DC26987E2C0086CC7B /* Base */ = {isa = PBXFileReference; lastKnownFileType = file.storyboard; name = Base; path = Base.lproj/Main.storyboard; sourceTree = "<group>"; };
		F87899DE26987E2E0086CC7B /* Assets.xcassets */ = {isa = PBXFileReference; lastKnownFileType = folder.assetcatalog; path = Assets.xcassets; sourceTree = "<group>"; };
		F87899E126987E2E0086CC7B /* Base */ = {isa = PBXFileReference; lastKnownFileType = file.storyboard; name = Base; path = Base.lproj/LaunchScreen.storyboard; sourceTree = "<group>"; };
		F87899E326987E2E0086CC7B /* Info.plist */ = {isa = PBXFileReference; lastKnownFileType = text.plist.xml; path = Info.plist; sourceTree = "<group>"; };
		F87899E9269894690086CC7B /* wavelogo-2.jpg */ = {isa = PBXFileReference; lastKnownFileType = image.jpeg; path = "wavelogo-2.jpg"; sourceTree = "<group>"; };
		F87899EB26989B6D0086CC7B /* jp-2019-fusion-se-sup-cutout-zoom.jpg */ = {isa = PBXFileReference; lastKnownFileType = image.jpeg; path = "jp-2019-fusion-se-sup-cutout-zoom.jpg"; sourceTree = "<group>"; };
		F87899EC26989B6D0086CC7B /* vtsport2-ff5a23e275ae72ab7ec8f67e7004c094-24486_big.jpg */ = {isa = PBXFileReference; lastKnownFileType = image.jpeg; path = "vtsport2-ff5a23e275ae72ab7ec8f67e7004c094-24486_big.jpg"; sourceTree = "<group>"; };
		F87899ED26989B6D0086CC7B /* 102269.png */ = {isa = PBXFileReference; lastKnownFileType = image.png; path = 102269.png; sourceTree = "<group>"; };
		F87899F126989F280086CC7B /* 1552130667006_bulletin.jpeg */ = {isa = PBXFileReference; lastKnownFileType = image.jpeg; path = 1552130667006_bulletin.jpeg; sourceTree = "<group>"; };
		F87899F32698A3780086CC7B /* starboard-bigeasy-ast-sup-paddleboard-12ftx32in-12-zoom.jpg.jp2 */ = {isa = PBXFileReference; lastKnownFileType = file; path = "starboard-bigeasy-ast-sup-paddleboard-12ftx32in-12-zoom.jpg.jp2"; sourceTree = "<group>"; };
		F87899F42698A3C20086CC7B /* starboard-bigeasy-ast-sup-paddleboard-12ftx32in-12-zoom.jpg */ = {isa = PBXFileReference; lastKnownFileType = image.jpeg; path = "starboard-bigeasy-ast-sup-paddleboard-12ftx32in-12-zoom.jpg"; sourceTree = "<group>"; };
		F87899F62698A5C80086CC7B /* 11-6-tough-tec-sic-sup-paddleboard-tao-surf-tt-11-6-x-325-.jpg */ = {isa = PBXFileReference; lastKnownFileType = image.jpeg; path = "11-6-tough-tec-sic-sup-paddleboard-tao-surf-tt-11-6-x-325-.jpg"; sourceTree = "<group>"; };
		F87899F72698A5C80086CC7B /* bic-ace-tech-performer-tough-10-6-550x550h.jpg */ = {isa = PBXFileReference; lastKnownFileType = image.jpeg; path = "bic-ace-tech-performer-tough-10-6-550x550h.jpg"; sourceTree = "<group>"; };
/* End PBXFileReference section */

/* Begin PBXFrameworksBuildPhase section */
		F87899CF26987E2C0086CC7B /* Frameworks */ = {
			isa = PBXFrameworksBuildPhase;
			buildActionMask = 2147483647;
			files = (
			);
			runOnlyForDeploymentPostprocessing = 0;
		};
/* End PBXFrameworksBuildPhase section */

/* Begin PBXGroup section */
		F87899C926987E2C0086CC7B = {
			isa = PBXGroup;
			children = (
				F87899D426987E2C0086CC7B /* WaveSupClubApp */,
				F87899D326987E2C0086CC7B /* Products */,
			);
			sourceTree = "<group>";
		};
		F87899D326987E2C0086CC7B /* Products */ = {
			isa = PBXGroup;
			children = (
				F87899D226987E2C0086CC7B /* WaveSupClubApp.app */,
			);
			name = Products;
			sourceTree = "<group>";
		};
		F87899D426987E2C0086CC7B /* WaveSupClubApp */ = {
			isa = PBXGroup;
			children = (
				F87899D526987E2C0086CC7B /* AppDelegate.swift */,
				F87899D726987E2C0086CC7B /* SceneDelegate.swift */,
				F87899D926987E2C0086CC7B /* ViewController.swift */,
				F87899DB26987E2C0086CC7B /* Main.storyboard */,
				F87899DE26987E2E0086CC7B /* Assets.xcassets */,
				F87899E026987E2E0086CC7B /* LaunchScreen.storyboard */,
				F87899E326987E2E0086CC7B /* Info.plist */,
				F87899F42698A3C20086CC7B /* starboard-bigeasy-ast-sup-paddleboard-12ftx32in-12-zoom.jpg */,
				F87899F32698A3780086CC7B /* starboard-bigeasy-ast-sup-paddleboard-12ftx32in-12-zoom.jpg.jp2 */,
				F87899F62698A5C80086CC7B /* 11-6-tough-tec-sic-sup-paddleboard-tao-surf-tt-11-6-x-325-.jpg */,
				F87899F72698A5C80086CC7B /* bic-ace-tech-performer-tough-10-6-550x550h.jpg */,
				F87899F126989F280086CC7B /* 1552130667006_bulletin.jpeg */,
				F87899ED26989B6D0086CC7B /* 102269.png */,
				F87899EB26989B6D0086CC7B /* jp-2019-fusion-se-sup-cutout-zoom.jpg */,
				F87899EC26989B6D0086CC7B /* vtsport2-ff5a23e275ae72ab7ec8f67e7004c094-24486_big.jpg */,
				F87899E9269894690086CC7B /* wavelogo-2.jpg */,
			);
			path = WaveSupClubApp;
			sourceTree = "<group>";
		};
/* End PBXGroup section */

/* Begin PBXNativeTarget section */
		F87899D126987E2C0086CC7B /* WaveSupClubApp */ = {
			isa = PBXNativeTarget;
			buildConfigurationList = F87899E626987E2E0086CC7B /* Build configuration list for PBXNativeTarget "WaveSupClubApp" */;
			buildPhases = (
				F87899CE26987E2C0086CC7B /* Sources */,
				F87899CF26987E2C0086CC7B /* Frameworks */,
				F87899D026987E2C0086CC7B /* Resources */,
			);
			buildRules = (
			);
			dependencies = (
			);
			name = WaveSupClubApp;
			productName = WaveSupClubApp;
			productReference = F87899D226987E2C0086CC7B /* WaveSupClubApp.app */;
			productType = "com.apple.product-type.application";
		};
/* End PBXNativeTarget section */

/* Begin PBXProject section */
		F87899CA26987E2C0086CC7B /* Project object */ = {
			isa = PBXProject;
			attributes = {
				LastSwiftUpdateCheck = 1250;
				LastUpgradeCheck = 1250;
				TargetAttributes = {
					F87899D126987E2C0086CC7B = {
						CreatedOnToolsVersion = 12.5.1;
					};
				};
			};
			buildConfigurationList = F87899CD26987E2C0086CC7B /* Build configuration list for PBXProject "WaveSupClubApp" */;
			compatibilityVersion = "Xcode 9.3";
			developmentRegion = en;
			hasScannedForEncodings = 0;
			knownRegions = (
				en,
				Base,
			);
			mainGroup = F87899C926987E2C0086CC7B;
			productRefGroup = F87899D326987E2C0086CC7B /* Products */;
			projectDirPath = "";
			projectRoot = "";
			targets = (
				F87899D126987E2C0086CC7B /* WaveSupClubApp */,
			);
		};
/* End PBXProject section */

/* Begin PBXResourcesBuildPhase section */
		F87899D026987E2C0086CC7B /* Resources */ = {
			isa = PBXResourcesBuildPhase;
			buildActionMask = 2147483647;
			files = (
				F87899EA269894690086CC7B /* wavelogo-2.jpg in Resources */,
				F87899EF26989B6E0086CC7B /* vtsport2-ff5a23e275ae72ab7ec8f67e7004c094-24486_big.jpg in Resources */,
				F87899E226987E2E0086CC7B /* LaunchScreen.storyboard in Resources */,
				F87899F92698A5C80086CC7B /* bic-ace-tech-performer-tough-10-6-550x550h.jpg in Resources */,
				F87899F82698A5C80086CC7B /* 11-6-tough-tec-sic-sup-paddleboard-tao-surf-tt-11-6-x-325-.jpg in Resources */,
				F87899DF26987E2E0086CC7B /* Assets.xcassets in Resources */,
				F87899EE26989B6E0086CC7B /* jp-2019-fusion-se-sup-cutout-zoom.jpg in Resources */,
				F87899F026989B6E0086CC7B /* 102269.png in Resources */,
				F87899DD26987E2C0086CC7B /* Main.storyboard in Resources */,
				F87899F52698A3C20086CC7B /* starboard-bigeasy-ast-sup-paddleboard-12ftx32in-12-zoom.jpg in Resources */,
				F87899F226989F280086CC7B /* 1552130667006_bulletin.jpeg in Resources */,
			);
			runOnlyForDeploymentPostprocessing = 0;
		};
/* End PBXResourcesBuildPhase section */

/* Begin PBXSourcesBuildPhase section */
		F87899CE26987E2C0086CC7B /* Sources */ = {
			isa = PBXSourcesBuildPhase;
			buildActionMask = 2147483647;
			files = (
				F87899DA26987E2C0086CC7B /* ViewController.swift in Sources */,
				F87899D626987E2C0086CC7B /* AppDelegate.swift in Sources */,
				F87899D826987E2C0086CC7B /* SceneDelegate.swift in Sources */,
			);
			runOnlyForDeploymentPostprocessing = 0;
		};
/* End PBXSourcesBuildPhase section */

/* Begin PBXVariantGroup section */
		F87899DB26987E2C0086CC7B /* Main.storyboard */ = {
			isa = PBXVariantGroup;
			children = (
				F87899DC26987E2C0086CC7B /* Base */,
			);
			name = Main.storyboard;
			sourceTree = "<group>";
		};
		F87899E026987E2E0086CC7B /* LaunchScreen.storyboard */ = {
			isa = PBXVariantGroup;
			children = (
				F87899E126987E2E0086CC7B /* Base */,
			);
			name = LaunchScreen.storyboard;
			sourceTree = "<group>";
		};
/* End PBXVariantGroup section */

/* Begin XCBuildConfiguration section */
		F87899E426987E2E0086CC7B /* Debug */ = {
			isa = XCBuildConfiguration;
			buildSettings = {
				ALWAYS_SEARCH_USER_PATHS = NO;
				CLANG_ANALYZER_NONNULL = YES;
				CLANG_ANALYZER_NUMBER_OBJECT_CONVERSION = YES_AGGRESSIVE;
				CLANG_CXX_LANGUAGE_STANDARD = "gnu++14";
				CLANG_CXX_LIBRARY = "libc++";
				CLANG_ENABLE_MODULES = YES;
				CLANG_ENABLE_OBJC_ARC = YES;
				CLANG_ENABLE_OBJC_WEAK = YES;
				CLANG_WARN_BLOCK_CAPTURE_AUTORELEASING = YES;
				CLANG_WARN_BOOL_CONVERSION = YES;
				CLANG_WARN_COMMA = YES;
				CLANG_WARN_CONSTANT_CONVERSION = YES;
				CLANG_WARN_DEPRECATED_OBJC_IMPLEMENTATIONS = YES;
				CLANG_WARN_DIRECT_OBJC_ISA_USAGE = YES_ERROR;
				CLANG_WARN_DOCUMENTATION_COMMENTS = YES;
				CLANG_WARN_EMPTY_BODY = YES;
				CLANG_WARN_ENUM_CONVERSION = YES;
				CLANG_WARN_INFINITE_RECURSION = YES;
				CLANG_WARN_INT_CONVERSION = YES;
				CLANG_WARN_NON_LITERAL_NULL_CONVERSION = YES;
				CLANG_WARN_OBJC_IMPLICIT_RETAIN_SELF = YES;
				CLANG_WARN_OBJC_LITERAL_CONVERSION = YES;
				CLANG_WARN_OBJC_ROOT_CLASS = YES_ERROR;
				CLANG_WARN_QUOTED_INCLUDE_IN_FRAMEWORK_HEADER = YES;
				CLANG_WARN_RANGE_LOOP_ANALYSIS = YES;
				CLANG_WARN_STRICT_PROTOTYPES = YES;
				CLANG_WARN_SUSPICIOUS_MOVE = YES;
				CLANG_WARN_UNGUARDED_AVAILABILITY = YES_AGGRESSIVE;
				CLANG_WARN_UNREACHABLE_CODE = YES;
				CLANG_WARN__DUPLICATE_METHOD_MATCH = YES;
				COPY_PHASE_STRIP = NO;
				DEBUG_INFORMATION_FORMAT = dwarf;
				ENABLE_STRICT_OBJC_MSGSEND = YES;
				ENABLE_TESTABILITY = YES;
				GCC_C_LANGUAGE_STANDARD = gnu11;
				GCC_DYNAMIC_NO_PIC = NO;
				GCC_NO_COMMON_BLOCKS = YES;
				GCC_OPTIMIZATION_LEVEL = 0;
				GCC_PREPROCESSOR_DEFINITIONS = (
					"DEBUG=1",
					"$(inherited)",
				);
				GCC_WARN_64_TO_32_BIT_CONVERSION = YES;
				GCC_WARN_ABOUT_RETURN_TYPE = YES_ERROR;
				GCC_WARN_UNDECLARED_SELECTOR = YES;
				GCC_WARN_UNINITIALIZED_AUTOS = YES_AGGRESSIVE;
				GCC_WARN_UNUSED_FUNCTION = YES;
				GCC_WARN_UNUSED_VARIABLE = YES;
				IPHONEOS_DEPLOYMENT_TARGET = 14.5;
				MTL_ENABLE_DEBUG_INFO = INCLUDE_SOURCE;
				MTL_FAST_MATH = YES;
				ONLY_ACTIVE_ARCH = YES;
				SDKROOT = iphoneos;
				SWIFT_ACTIVE_COMPILATION_CONDITIONS = DEBUG;
				SWIFT_OPTIMIZATION_LEVEL = "-Onone";
			};
			name = Debug;
		};
		F87899E526987E2E0086CC7B /* Release */ = {
			isa = XCBuildConfiguration;
			buildSettings = {
				ALWAYS_SEARCH_USER_PATHS = NO;
				CLANG_ANALYZER_NONNULL = YES;
				CLANG_ANALYZER_NUMBER_OBJECT_CONVERSION = YES_AGGRESSIVE;
				CLANG_CXX_LANGUAGE_STANDARD = "gnu++14";
				CLANG_CXX_LIBRARY = "libc++";
				CLANG_ENABLE_MODULES = YES;
				CLANG_ENABLE_OBJC_ARC = YES;
				CLANG_ENABLE_OBJC_WEAK = YES;
				CLANG_WARN_BLOCK_CAPTURE_AUTORELEASING = YES;
				CLANG_WARN_BOOL_CONVERSION = YES;
				CLANG_WARN_COMMA = YES;
				CLANG_WARN_CONSTANT_CONVERSION = YES;
				CLANG_WARN_DEPRECATED_OBJC_IMPLEMENTATIONS = YES;
				CLANG_WARN_DIRECT_OBJC_ISA_USAGE = YES_ERROR;
				CLANG_WARN_DOCUMENTATION_COMMENTS = YES;
				CLANG_WARN_EMPTY_BODY = YES;
				CLANG_WARN_ENUM_CONVERSION = YES;
				CLANG_WARN_INFINITE_RECURSION = YES;
				CLANG_WARN_INT_CONVERSION = YES;
				CLANG_WARN_NON_LITERAL_NULL_CONVERSION = YES;
				CLANG_WARN_OBJC_IMPLICIT_RETAIN_SELF = YES;
				CLANG_WARN_OBJC_LITERAL_CONVERSION = YES;
				CLANG_WARN_OBJC_ROOT_CLASS = YES_ERROR;
				CLANG_WARN_QUOTED_INCLUDE_IN_FRAMEWORK_HEADER = YES;
				CLANG_WARN_RANGE_LOOP_ANALYSIS = YES;
				CLANG_WARN_STRICT_PROTOTYPES = YES;
				CLANG_WARN_SUSPICIOUS_MOVE = YES;
				CLANG_WARN_UNGUARDED_AVAILABILITY = YES_AGGRESSIVE;
				CLANG_WARN_UNREACHABLE_CODE = YES;
				CLANG_WARN__DUPLICATE_METHOD_MATCH = YES;
				COPY_PHASE_STRIP = NO;
				DEBUG_INFORMATION_FORMAT = "dwarf-with-dsym";
				ENABLE_NS_ASSERTIONS = NO;
				ENABLE_STRICT_OBJC_MSGSEND = YES;
				GCC_C_LANGUAGE_STANDARD = gnu11;
				GCC_NO_COMMON_BLOCKS = YES;
				GCC_WARN_64_TO_32_BIT_CONVERSION = YES;
				GCC_WARN_ABOUT_RETURN_TYPE = YES_ERROR;
				GCC_WARN_UNDECLARED_SELECTOR = YES;
				GCC_WARN_UNINITIALIZED_AUTOS = YES_AGGRESSIVE;
				GCC_WARN_UNUSED_FUNCTION = YES;
				GCC_WARN_UNUSED_VARIABLE = YES;
				IPHONEOS_DEPLOYMENT_TARGET = 14.5;
				MTL_ENABLE_DEBUG_INFO = NO;
				MTL_FAST_MATH = YES;
				SDKROOT = iphoneos;
				SWIFT_COMPILATION_MODE = wholemodule;
				SWIFT_OPTIMIZATION_LEVEL = "-O";
				VALIDATE_PRODUCT = YES;
			};
			name = Release;
		};
		F87899E726987E2E0086CC7B /* Debug */ = {
			isa = XCBuildConfiguration;
			buildSettings = {
				ASSETCATALOG_COMPILER_APPICON_NAME = AppIcon;
				ASSETCATALOG_COMPILER_GLOBAL_ACCENT_COLOR_NAME = AccentColor;
				CODE_SIGN_STYLE = Automatic;
				DEVELOPMENT_TEAM = 7Q2Z7KQQ83;
				INFOPLIST_FILE = WaveSupClubApp/Info.plist;
				LD_RUNPATH_SEARCH_PATHS = (
					"$(inherited)",
					"@executable_path/Frameworks",
				);
				PRODUCT_BUNDLE_IDENTIFIER = "-2313.WaveSupClubApp";
				PRODUCT_NAME = "$(TARGET_NAME)";
				SWIFT_VERSION = 5.0;
				TARGETED_DEVICE_FAMILY = 1;
			};
			name = Debug;
		};
		F87899E826987E2E0086CC7B /* Release */ = {
			isa = XCBuildConfiguration;
			buildSettings = {
				ASSETCATALOG_COMPILER_APPICON_NAME = AppIcon;
				ASSETCATALOG_COMPILER_GLOBAL_ACCENT_COLOR_NAME = AccentColor;
				CODE_SIGN_STYLE = Automatic;
				DEVELOPMENT_TEAM = 7Q2Z7KQQ83;
				INFOPLIST_FILE = WaveSupClubApp/Info.plist;
				LD_RUNPATH_SEARCH_PATHS = (
					"$(inherited)",
					"@executable_path/Frameworks",
				);
				PRODUCT_BUNDLE_IDENTIFIER = "-2313.WaveSupClubApp";
				PRODUCT_NAME = "$(TARGET_NAME)";
				SWIFT_VERSION = 5.0;
				TARGETED_DEVICE_FAMILY = 1;
			};
			name = Release;
		};
/* End XCBuildConfiguration section */

/* Begin XCConfigurationList section */
		F87899CD26987E2C0086CC7B /* Build configuration list for PBXProject "WaveSupClubApp" */ = {
			isa = XCConfigurationList;
			buildConfigurations = (
				F87899E426987E2E0086CC7B /* Debug */,
				F87899E526987E2E0086CC7B /* Release */,
			);
			defaultConfigurationIsVisible = 0;
			defaultConfigurationName = Release;
		};
		F87899E626987E2E0086CC7B /* Build configuration list for PBXNativeTarget "WaveSupClubApp" */ = {
			isa = XCConfigurationList;
			buildConfigurations = (
				F87899E726987E2E0086CC7B /* Debug */,
				F87899E826987E2E0086CC7B /* Release */,
			);
			defaultConfigurationIsVisible = 0;
			defaultConfigurationName = Release;
		};
/* End XCConfigurationList section */
	};
	rootObject = F87899CA26987E2C0086CC7B /* Project object */;
}
